
Microsoft Visual Studio Solution File, Format Version 12.00
# Visual Studio Version 17
VisualStudioVersion = 17.5.002.0
MinimumVisualStudioVersion = 10.0.40219.1
Project("{9A19103F-16F7-4668-BE54-9A1E7A4F7556}") = "itog_kr02042024", "itog_kr02042024.csproj", "{8653676B-B9D7-427C-8280-CA24331E85FA}"
EndProject
Global
	GlobalSection(SolutionConfigurationPlatforms) = preSolution
		Debug|Any CPU = Debug|Any CPU
		Release|Any CPU = Release|Any CPU
	EndGlobalSection
	GlobalSection(ProjectConfigurationPlatforms) = postSolution
		{8653676B-B9D7-427C-8280-CA24331E85FA}.Debug|Any CPU.ActiveCfg = Debug|Any CPU
		{8653676B-B9D7-427C-8280-CA24331E85FA}.Debug|Any CPU.Build.0 = Debug|Any CPU
		{8653676B-B9D7-427C-8280-CA24331E85FA}.Release|Any CPU.ActiveCfg = Release|Any CPU
		{8653676B-B9D7-427C-8280-CA24331E85FA}.Release|Any CPU.Build.0 = Release|Any CPU
	EndGlobalSection
	GlobalSection(SolutionProperties) = preSolution
		HideSolutionNode = FALSE
	EndGlobalSection
	GlobalSection(ExtensibilityGlobals) = postSolution
		SolutionGuid = {A9A0F075-E9AB-45C5-86FA-DA1729D4308A}
	EndGlobalSection
EndGlobal
